PODS:
  - CocoaLumberjack (3.7.4):
    - CocoaLumberjack/Core (= 3.7.4)
  - CocoaLumberjack/Core (3.7.4)
  - SCLAlertView (0.8)
  - SVGKit (3.0.0):
    - CocoaLumberjack (~> 3.0)
  - SwiftChart (1.0.1)

DEPENDENCIES:
  - SCLAlertView
  - SVGKit
  - SwiftChart

SPEC REPOS:
  trunk:
    - CocoaLumberjack
    - SCLAlertView
    - SVGKit
    - SwiftChart

SPEC CHECKSUMS:
  CocoaLumberjack: 543c79c114dadc3b1aba95641d8738b06b05b646
  SCLAlertView: 6a77bb2edfc65e04dbe57725546cb4107a506b85
  SVGKit: 1ad7513f8c74d9652f94ed64ddecda1a23864dea
  SwiftChart: ba767a678d568a5ee22d419e146a0582865e1aff

PODFILE CHECKSUM: dbf37c236fc87e45f51129b27b1cdfcd4e13f451

COCOAPODS: 1.11.3
